
Microsoft Visual Studio Solution File, Format Version 12.00
# Visual Studio Version 17
VisualStudioVersion = 17.7.34221.43
MinimumVisualStudioVersion = 10.0.40219.1
Project("{9A19103F-16F7-4668-BE54-9A1E7A4F7556}") = "UserLoginBE", "UserLoginBE.csproj", "{F8D71B1C-A97F-414D-B9C9-E3A18A09C71A}"
EndProject
Project("{9A19103F-16F7-4668-BE54-9A1E7A4F7556}") = "JwtAuthenticationManager", "..\JwtAuthenticationManager\JwtAuthenticationManager.csproj", "{BEF99706-8DCA-402D-9BF2-ED35A97F96D7}"
EndProject
Project("{9A19103F-16F7-4668-BE54-9A1E7A4F7556}") = "AdsMap.APIGateway", "..\AdsMap.APIGateway\AdsMap.APIGateway\AdsMap.APIGateway.csproj", "{C9620A1A-E201-4E1D-B0F2-F6B4B6F0DC5F}"
EndProject
Global
	GlobalSection(SolutionConfigurationPlatforms) = preSolution
		Debug|Any CPU = Debug|Any CPU
		Release|Any CPU = Release|Any CPU
	EndGlobalSection
	GlobalSection(ProjectConfigurationPlatforms) = postSolution
		{F8D71B1C-A97F-414D-B9C9-E3A18A09C71A}.Debug|Any CPU.ActiveCfg = Debug|Any CPU
		{F8D71B1C-A97F-414D-B9C9-E3A18A09C71A}.Debug|Any CPU.Build.0 = Debug|Any CPU
		{F8D71B1C-A97F-414D-B9C9-E3A18A09C71A}.Release|Any CPU.ActiveCfg = Release|Any CPU
		{F8D71B1C-A97F-414D-B9C9-E3A18A09C71A}.Release|Any CPU.Build.0 = Release|Any CPU
		{BEF99706-8DCA-402D-9BF2-ED35A97F96D7}.Debug|Any CPU.ActiveCfg = Debug|Any CPU
		{BEF99706-8DCA-402D-9BF2-ED35A97F96D7}.Debug|Any CPU.Build.0 = Debug|Any CPU
		{BEF99706-8DCA-402D-9BF2-ED35A97F96D7}.Release|Any CPU.ActiveCfg = Release|Any CPU
		{BEF99706-8DCA-402D-9BF2-ED35A97F96D7}.Release|Any CPU.Build.0 = Release|Any CPU
		{C9620A1A-E201-4E1D-B0F2-F6B4B6F0DC5F}.Debug|Any CPU.ActiveCfg = Debug|Any CPU
		{C9620A1A-E201-4E1D-B0F2-F6B4B6F0DC5F}.Debug|Any CPU.Build.0 = Debug|Any CPU
		{C9620A1A-E201-4E1D-B0F2-F6B4B6F0DC5F}.Release|Any CPU.ActiveCfg = Release|Any CPU
		{C9620A1A-E201-4E1D-B0F2-F6B4B6F0DC5F}.Release|Any CPU.Build.0 = Release|Any CPU
	EndGlobalSection
	GlobalSection(SolutionProperties) = preSolution
		HideSolutionNode = FALSE
	EndGlobalSection
	GlobalSection(ExtensibilityGlobals) = postSolution
		SolutionGuid = {F4326C56-4DD3-4117-929A-BAA51588609B}
	EndGlobalSection
EndGlobal
